Microsoft Visual Studio Solution File, Format Version 11.00
# Visual Studio 2008

Project("{3E462F0C-8422-B059-BFEC-5F82C25EECBC}") = "AStartTest", "Assembly-CSharp.csproj", "{D46E4FA1-388D-8CDA-FEB5-A7A16A8BC728}"
EndProject
Global
	GlobalSection(SolutionConfigurationPlatforms) = preSolution
		Debug|Any CPU = Debug|Any CPU
		Release|Any CPU = Release|Any CPU
	EndGlobalSection
	GlobalSection(ProjectConfigurationPlatforms) = postSolution
		{D46E4FA1-388D-8CDA-FEB5-A7A16A8BC728}.Debug|Any CPU.ActiveCfg = Debug|Any CPU
		{D46E4FA1-388D-8CDA-FEB5-A7A16A8BC728}.Debug|Any CPU.Build.0 = Debug|Any CPU
		{D46E4FA1-388D-8CDA-FEB5-A7A16A8BC728}.Release|Any CPU.ActiveCfg = Release|Any CPU
		{D46E4FA1-388D-8CDA-FEB5-A7A16A8BC728}.Release|Any CPU.Build.0 = Release|Any CPU
	EndGlobalSection
	GlobalSection(SolutionProperties) = preSolution
		HideSolutionNode = FALSE
	EndGlobalSection
	GlobalSection(MonoDevelopProperties) = preSolution
		StartupItem = Assembly-CSharp.csproj
	EndGlobalSection
EndGlobal
